
Microsoft Visual Studio Solution File, Format Version 12.00
# Visual Studio Version 17
VisualStudioVersion = 17.7.34221.43
MinimumVisualStudioVersion = 10.0.40219.1
Project("{FAE04EC0-301F-11D3-BF4B-00C04F79EFBC}") = "API.Reporting", "ms2\API.Reporting.csproj", "{EE21C706-1C72-47DB-B5A0-0899D86CE151}"
EndProject
Project("{9A19103F-16F7-4668-BE54-9A1E7A4F7556}") = "API.Application", "..\api-reports\API.Reports\API.Application\API.Application.csproj", "{2E1E907C-D535-4EB4-8096-7FF926B29776}"
EndProject
Project("{9A19103F-16F7-4668-BE54-9A1E7A4F7556}") = "API.Domain", "..\api-reports\API.Reports\API.Domain\API.Domain.csproj", "{D25F7552-9AFB-4033-8FE4-B24CCF9C81E5}"
EndProject
Project("{9A19103F-16F7-4668-BE54-9A1E7A4F7556}") = "API.Infrastructure", "..\api-reports\API.Reports\API.Infrastructure\API.Infrastructure.csproj", "{95DA88D2-5FB2-471F-8493-743BE62D3604}"
EndProject
Global
	GlobalSection(SolutionConfigurationPlatforms) = preSolution
		Debug|Any CPU = Debug|Any CPU
		Release|Any CPU = Release|Any CPU
	EndGlobalSection
	GlobalSection(ProjectConfigurationPlatforms) = postSolution
		{EE21C706-1C72-47DB-B5A0-0899D86CE151}.Debug|Any CPU.ActiveCfg = Debug|Any CPU
		{EE21C706-1C72-47DB-B5A0-0899D86CE151}.Debug|Any CPU.Build.0 = Debug|Any CPU
		{EE21C706-1C72-47DB-B5A0-0899D86CE151}.Release|Any CPU.ActiveCfg = Release|Any CPU
		{EE21C706-1C72-47DB-B5A0-0899D86CE151}.Release|Any CPU.Build.0 = Release|Any CPU
		{2E1E907C-D535-4EB4-8096-7FF926B29776}.Debug|Any CPU.ActiveCfg = Debug|Any CPU
		{2E1E907C-D535-4EB4-8096-7FF926B29776}.Debug|Any CPU.Build.0 = Debug|Any CPU
		{2E1E907C-D535-4EB4-8096-7FF926B29776}.Release|Any CPU.ActiveCfg = Release|Any CPU
		{2E1E907C-D535-4EB4-8096-7FF926B29776}.Release|Any CPU.Build.0 = Release|Any CPU
		{D25F7552-9AFB-4033-8FE4-B24CCF9C81E5}.Debug|Any CPU.ActiveCfg = Debug|Any CPU
		{D25F7552-9AFB-4033-8FE4-B24CCF9C81E5}.Debug|Any CPU.Build.0 = Debug|Any CPU
		{D25F7552-9AFB-4033-8FE4-B24CCF9C81E5}.Release|Any CPU.ActiveCfg = Release|Any CPU
		{D25F7552-9AFB-4033-8FE4-B24CCF9C81E5}.Release|Any CPU.Build.0 = Release|Any CPU
		{95DA88D2-5FB2-471F-8493-743BE62D3604}.Debug|Any CPU.ActiveCfg = Debug|Any CPU
		{95DA88D2-5FB2-471F-8493-743BE62D3604}.Debug|Any CPU.Build.0 = Debug|Any CPU
		{95DA88D2-5FB2-471F-8493-743BE62D3604}.Release|Any CPU.ActiveCfg = Release|Any CPU
		{95DA88D2-5FB2-471F-8493-743BE62D3604}.Release|Any CPU.Build.0 = Release|Any CPU
	EndGlobalSection
	GlobalSection(SolutionProperties) = preSolution
		HideSolutionNode = FALSE
	EndGlobalSection
	GlobalSection(ExtensibilityGlobals) = postSolution
		SolutionGuid = {9E8E62B9-30A8-48FA-BAED-B8A877EDB736}
	EndGlobalSection
EndGlobal
